
Microsoft Visual Studio Solution File, Format Version 12.00
# Visual Studio Version 17
VisualStudioVersion = 17.14.36915.13
MinimumVisualStudioVersion = 10.0.40219.1
Project("{FAE04EC0-301F-11D3-BF4B-00C04F79EFBC}") = "apresentacao", "apresentacao.csproj", "{4B87A73C-A1DB-4896-B7F1-C3023E4CCF2E}"
EndProject
Global
	GlobalSection(SolutionConfigurationPlatforms) = preSolution
		Debug|Any CPU = Debug|Any CPU
		Release|Any CPU = Release|Any CPU
	EndGlobalSection
	GlobalSection(ProjectConfigurationPlatforms) = postSolution
		{4B87A73C-A1DB-4896-B7F1-C3023E4CCF2E}.Debug|Any CPU.ActiveCfg = Debug|Any CPU
		{4B87A73C-A1DB-4896-B7F1-C3023E4CCF2E}.Debug|Any CPU.Build.0 = Debug|Any CPU
		{4B87A73C-A1DB-4896-B7F1-C3023E4CCF2E}.Release|Any CPU.ActiveCfg = Release|Any CPU
		{4B87A73C-A1DB-4896-B7F1-C3023E4CCF2E}.Release|Any CPU.Build.0 = Release|Any CPU
	EndGlobalSection
	GlobalSection(SolutionProperties) = preSolution
		HideSolutionNode = FALSE
	EndGlobalSection
	GlobalSection(ExtensibilityGlobals) = postSolution
		SolutionGuid = {C88A4BCE-F78F-4A38-8B02-E8AEC2EB2A4E}
	EndGlobalSection
EndGlobal
